
Microsoft Visual Studio Solution File, Format Version 12.00
# Visual Studio 15
VisualStudioVersion = 15.0.28307.572
MinimumVisualStudioVersion = 10.0.40219.1
Project("{FAE04EC0-301F-11D3-BF4B-00C04F79EFBC}") = "TwoYearUploader", "TwoYearUploader\TwoYearUploader.csproj", "{929A7054-30AB-4C21-9B73-E384CF2152C5}"
EndProject
Global
	GlobalSection(SolutionConfigurationPlatforms) = preSolution
		Debug|Any CPU = Debug|Any CPU
		Release|Any CPU = Release|Any CPU
	EndGlobalSection
	GlobalSection(ProjectConfigurationPlatforms) = postSolution
		{929A7054-30AB-4C21-9B73-E384CF2152C5}.Debug|Any CPU.ActiveCfg = Debug|Any CPU
		{929A7054-30AB-4C21-9B73-E384CF2152C5}.Debug|Any CPU.Build.0 = Debug|Any CPU
		{929A7054-30AB-4C21-9B73-E384CF2152C5}.Release|Any CPU.ActiveCfg = Release|Any CPU
		{929A7054-30AB-4C21-9B73-E384CF2152C5}.Release|Any CPU.Build.0 = Release|Any CPU
	EndGlobalSection
	GlobalSection(SolutionProperties) = preSolution
		HideSolutionNode = FALSE
	EndGlobalSection
	GlobalSection(ExtensibilityGlobals) = postSolution
		SolutionGuid = {59D6EBF7-A331-46D4-A476-8AFEBAE9FAAE}
	EndGlobalSection
EndGlobal
